lockfileVersion: '6.0'

neverBuiltDependencies:
  - core-js

importers:

  .:
    dependencies:
      core-js:
        specifier: ^3.0.0
        version: registry.npmjs.org/core-js@3.30.2
      react:
        specifier: ^16.8.0 || ^17.0.0
        version: registry.npmjs.org/react@17.0.2
      react-dom:
        specifier: ^16.8.0 || ^17.0.0
        version: registry.npmjs.org/react-dom@17.0.2(react@17.0.2)
    devDependencies:
      '@babel/runtime':
        specifier: 7.20.0
        version: registry.npmjs.org/@babel/runtime@7.20.0
      '@types/jest':
        specifier: ^26.0.0
        version: registry.npmjs.org/@types/jest@26.0.24
      '@types/node':
        specifier: 12.20.4
        version: registry.npmjs.org/@types/node@12.20.4
      '@types/react':
        specifier: ^17.0.8
        version: registry.npmjs.org/@types/react@17.0.59
      '@types/react-dom':
        specifier: ^17.0.5
        version: registry.npmjs.org/@types/react-dom@17.0.20
      '@types/testing-library__jest-dom':
        specifier: 5.9.5
        version: registry.npmjs.org/@types/testing-library__jest-dom@5.9.5

  components/admin/data-table: {}

packages:

  registry.npmjs.org/@babel/runtime@7.20.0:
    resolution: {integrity: sha512-NDYdls71fTXoU8TZHfbBWg7DiZfNzClcKui/+kyi6ppD2L1qnWW3VV6CjtaBXSUGGhiTWJ6ereOIkUvenif66Q==, registry: https://node.bit.dev/, tarball: https://registry.npmjs.org/@babel/runtime/-/runtime-7.20.0.tgz}
    name: '@babel/runtime'
    version: 7.20.0
    engines: {node: '>=6.9.0'}
    dependencies:
      regenerator-runtime: registry.npmjs.org/regenerator-runtime@0.13.11
    dev: true

  registry.npmjs.org/@jest/types@26.6.2:
    resolution: {integrity: sha512-fC6QCp7Sc5sX6g8Tvbmj4XUTbyrik0akgRy03yjXbQaBWWNWGE7SGtJk98m0N8nzegD/7SggrUlivxo5ax4KWQ==, registry: https://node.bit.dev/, tarball: https://registry.npmjs.org/@jest/types/-/types-26.6.2.tgz}
    name: '@jest/types'
    version: 26.6.2
    engines: {node: '>= 10.14.2'}
    dependencies:
      '@types/istanbul-lib-coverage': registry.npmjs.org/@types/istanbul-lib-coverage@2.0.4
      '@types/istanbul-reports': registry.npmjs.org/@types/istanbul-reports@3.0.1
      '@types/node': registry.npmjs.org/@types/node@12.20.4
      '@types/yargs': registry.npmjs.org/@types/yargs@15.0.15
      chalk: registry.npmjs.org/chalk@4.1.2
    dev: true

  registry.npmjs.org/@types/istanbul-lib-coverage@2.0.4:
    resolution: {integrity: sha512-z/QT1XN4K4KYuslS23k62yDIDLwLFkzxOuMplDtObz0+y7VqJCaO2o+SPwHCvLFZh7xazvvoor2tA/hPz9ee7g==, registry: https://node.bit.dev/, tarball: https://registry.npmjs.org/@types/istanbul-lib-coverage/-/istanbul-lib-coverage-2.0.4.tgz}
    name: '@types/istanbul-lib-coverage'
    version: 2.0.4
    dev: true

  registry.npmjs.org/@types/istanbul-lib-report@3.0.0:
    resolution: {integrity: sha512-plGgXAPfVKFoYfa9NpYDAkseG+g6Jr294RqeqcqDixSbU34MZVJRi/P+7Y8GDpzkEwLaGZZOpKIEmeVZNtKsrg==, registry: https://node.bit.dev/, tarball: https://registry.npmjs.org/@types/istanbul-lib-report/-/istanbul-lib-report-3.0.0.tgz}
    name: '@types/istanbul-lib-report'
    version: 3.0.0
    dependencies:
      '@types/istanbul-lib-coverage': registry.npmjs.org/@types/istanbul-lib-coverage@2.0.4
    dev: true

  registry.npmjs.org/@types/istanbul-reports@3.0.1:
    resolution: {integrity: sha512-c3mAZEuK0lvBp8tmuL74XRKn1+y2dcwOUpH7x4WrF6gk1GIgiluDRgMYQtw2OFcBvAJWlt6ASU3tSqxp0Uu0Aw==, registry: https://node.bit.dev/, tarball: https://registry.npmjs.org/@types/istanbul-reports/-/istanbul-reports-3.0.1.tgz}
    name: '@types/istanbul-reports'
    version: 3.0.1
    dependencies:
      '@types/istanbul-lib-report': registry.npmjs.org/@types/istanbul-lib-report@3.0.0
    dev: true

  registry.npmjs.org/@types/jest@26.0.24:
    resolution: {integrity: sha512-E/X5Vib8BWqZNRlDxj9vYXhsDwPYbPINqKF9BsnSoon4RQ0D9moEuLD8txgyypFLH7J4+Lho9Nr/c8H0Fi+17w==, registry: https://node.bit.dev/, tarball: https://registry.npmjs.org/@types/jest/-/jest-26.0.24.tgz}
    name: '@types/jest'
    version: 26.0.24
    dependencies:
      jest-diff: registry.npmjs.org/jest-diff@26.6.2
      pretty-format: registry.npmjs.org/pretty-format@26.6.2
    dev: true

  registry.npmjs.org/@types/node@12.20.4:
    resolution: {integrity: sha512-xRCgeE0Q4pT5UZ189TJ3SpYuX/QGl6QIAOAIeDSbAVAd2gX1NxSZup4jNVK7cxIeP8KDSbJgcckun495isP1jQ==, registry: https://node.bit.dev/, tarball: https://registry.npmjs.org/@types/node/-/node-12.20.4.tgz}
    name: '@types/node'
    version: 12.20.4
    dev: true

  registry.npmjs.org/@types/prop-types@15.7.5:
    resolution: {integrity: sha512-JCB8C6SnDoQf0cNycqd/35A7MjcnK+ZTqE7judS6o7utxUCg6imJg3QK2qzHKszlTjcj2cn+NwMB2i96ubpj7w==, registry: https://node.bit.dev/, tarball: https://registry.npmjs.org/@types/prop-types/-/prop-types-15.7.5.tgz}
    name: '@types/prop-types'
    version: 15.7.5
    dev: true

  registry.npmjs.org/@types/react-dom@17.0.20:
    resolution: {integrity: sha512-4pzIjSxDueZZ90F52mU3aPoogkHIoSIDG+oQ+wQK7Cy2B9S+MvOqY0uEA/qawKz381qrEDkvpwyt8Bm31I8sbA==, registry: https://node.bit.dev/, tarball: https://registry.npmjs.org/@types/react-dom/-/react-dom-17.0.20.tgz}
    name: '@types/react-dom'
    version: 17.0.20
    dependencies:
      '@types/react': registry.npmjs.org/@types/react@17.0.59
    dev: true

  registry.npmjs.org/@types/react@17.0.59:
    resolution: {integrity: sha512-gSON5zWYIGyoBcycCE75E9+r6dCC2dHdsrVkOEiIYNU5+Q28HcBAuqvDuxHcCbMfHBHdeT5Tva/AFn3rnMKE4g==, registry: https://node.bit.dev/, tarball: https://registry.npmjs.org/@types/react/-/react-17.0.59.tgz}
    name: '@types/react'
    version: 17.0.59
    dependencies:
      '@types/prop-types': registry.npmjs.org/@types/prop-types@15.7.5
      '@types/scheduler': registry.npmjs.org/@types/scheduler@0.16.3
      csstype: registry.npmjs.org/csstype@3.1.2
    dev: true

  registry.npmjs.org/@types/scheduler@0.16.3:
    resolution: {integrity: sha512-5cJ8CB4yAx7BH1oMvdU0Jh9lrEXyPkar6F9G/ERswkCuvP4KQZfZkSjcMbAICCpQTN4OuZn8tz0HiKv9TGZgrQ==, registry: https://node.bit.dev/, tarball: https://registry.npmjs.org/@types/scheduler/-/scheduler-0.16.3.tgz}
    name: '@types/scheduler'
    version: 0.16.3
    dev: true

  registry.npmjs.org/@types/testing-library__jest-dom@5.9.5:
    resolution: {integrity: sha512-ggn3ws+yRbOHog9GxnXiEZ/35Mow6YtPZpd7Z5mKDeZS/o7zx3yAle0ov/wjhVB5QT4N2Dt+GNoGCdqkBGCajQ==, registry: https://node.bit.dev/, tarball: https://registry.npmjs.org/@types/testing-library__jest-dom/-/testing-library__jest-dom-5.9.5.tgz}
    name: '@types/testing-library__jest-dom'
    version: 5.9.5
    dependencies:
      '@types/jest': registry.npmjs.org/@types/jest@26.0.24
    dev: true

  registry.npmjs.org/@types/yargs-parser@21.0.0:
    resolution: {integrity: sha512-iO9ZQHkZxHn4mSakYV0vFHAVDyEOIJQrV2uZ06HxEPcx+mt8swXoZHIbaaJ2crJYFfErySgktuTZ3BeLz+XmFA==, registry: https://node.bit.dev/, tarball: https://registry.npmjs.org/@types/yargs-parser/-/yargs-parser-21.0.0.tgz}
    name: '@types/yargs-parser'
    version: 21.0.0
    dev: true

  registry.npmjs.org/@types/yargs@15.0.15:
    resolution: {integrity: sha512-IziEYMU9XoVj8hWg7k+UJrXALkGFjWJhn5QFEv9q4p+v40oZhSuC135M38st8XPjICL7Ey4TV64ferBGUoJhBg==, registry: https://node.bit.dev/, tarball: https://registry.npmjs.org/@types/yargs/-/yargs-15.0.15.tgz}
    name: '@types/yargs'
    version: 15.0.15
    dependencies:
      '@types/yargs-parser': registry.npmjs.org/@types/yargs-parser@21.0.0
    dev: true

  registry.npmjs.org/ansi-regex@5.0.1:
    resolution: {integrity: sha512-quJQXlTSUGL2LH9SUXo8VwsY4soanhgo6LNSm84E1LBcE8s3O0wpdiRzyR9z/ZZJMlMWv37qOOb9pdJlMUEKFQ==, registry: https://node.bit.dev/, tarball: https://registry.npmjs.org/ansi-regex/-/ansi-regex-5.0.1.tgz}
    name: ansi-regex
    version: 5.0.1
    engines: {node: '>=8'}
    dev: true

  registry.npmjs.org/ansi-styles@4.3.0:
    resolution: {integrity: sha512-zbB9rCJAT1rbjiVDb2hqKFHNYLxgtk8NURxZ3IZwD3F6NtxbXZQCnnSi1Lkx+IDohdPlFp222wVALIheZJQSEg==, registry: https://node.bit.dev/, tarball: https://registry.npmjs.org/ansi-styles/-/ansi-styles-4.3.0.tgz}
    name: ansi-styles
    version: 4.3.0
    engines: {node: '>=8'}
    dependencies:
      color-convert: registry.npmjs.org/color-convert@2.0.1
    dev: true

  registry.npmjs.org/chalk@4.1.2:
    resolution: {integrity: sha512-oKnbhFyRIXpUuez8iBMmyEa4nbj4IOQyuhc/wy9kY7/WVPcwIO9VA668Pu8RkO7+0G76SLROeyw9CpQ061i4mA==, registry: https://node.bit.dev/, tarball: https://registry.npmjs.org/chalk/-/chalk-4.1.2.tgz}
    name: chalk
    version: 4.1.2
    engines: {node: '>=10'}
    dependencies:
      ansi-styles: registry.npmjs.org/ansi-styles@4.3.0
      supports-color: registry.npmjs.org/supports-color@7.2.0
    dev: true

  registry.npmjs.org/color-convert@2.0.1:
    resolution: {integrity: sha512-RRECPsj7iu/xb5oKYcsFHSppFNnsj/52OVTRKb4zP5onXwVF3zVmmToNcOfGC+CRDpfK/U584fMg38ZHCaElKQ==, registry: https://node.bit.dev/, tarball: https://registry.npmjs.org/color-convert/-/color-convert-2.0.1.tgz}
    name: color-convert
    version: 2.0.1
    engines: {node: '>=7.0.0'}
    dependencies:
      color-name: registry.npmjs.org/color-name@1.1.4
    dev: true

  registry.npmjs.org/color-name@1.1.4:
    resolution: {integrity: sha512-dOy+3AuW3a2wNbZHIuMZpTcgjGuLU/uBL/ubcZF9OXbDo8ff4O8yVp5Bf0efS8uEoYo5q4Fx7dY9OgQGXgAsQA==, registry: https://node.bit.dev/, tarball: https://registry.npmjs.org/color-name/-/color-name-1.1.4.tgz}
    name: color-name
    version: 1.1.4
    dev: true

  registry.npmjs.org/core-js@3.30.2:
    resolution: {integrity: sha512-uBJiDmwqsbJCWHAwjrx3cvjbMXP7xD72Dmsn5LOJpiRmE3WbBbN5rCqQ2Qh6Ek6/eOrjlWngEynBWo4VxerQhg==, registry: https://node.bit.dev/, tarball: https://registry.npmjs.org/core-js/-/core-js-3.30.2.tgz}
    name: core-js
    version: 3.30.2
    dev: false

  registry.npmjs.org/csstype@3.1.2:
    resolution: {integrity: sha512-I7K1Uu0MBPzaFKg4nI5Q7Vs2t+3gWWW648spaF+Rg7pI9ds18Ugn+lvg4SHczUdKlHI5LWBXyqfS8+DufyBsgQ==, registry: https://node.bit.dev/, tarball: https://registry.npmjs.org/csstype/-/csstype-3.1.2.tgz}
    name: csstype
    version: 3.1.2
    dev: true

  registry.npmjs.org/diff-sequences@26.6.2:
    resolution: {integrity: sha512-Mv/TDa3nZ9sbc5soK+OoA74BsS3mL37yixCvUAQkiuA4Wz6YtwP/K47n2rv2ovzHZvoiQeA5FTQOschKkEwB0Q==, registry: https://node.bit.dev/, tarball: https://registry.npmjs.org/diff-sequences/-/diff-sequences-26.6.2.tgz}
    name: diff-sequences
    version: 26.6.2
    engines: {node: '>= 10.14.2'}
    dev: true

  registry.npmjs.org/has-flag@4.0.0:
    resolution: {integrity: sha512-EykJT/Q1KjTWctppgIAgfSO0tKVuZUjhgMr17kqTumMl6Afv3EISleU7qZUzoXDFTAHTDC4NOoG/ZxU3EvlMPQ==, registry: https://node.bit.dev/, tarball: https://registry.npmjs.org/has-flag/-/has-flag-4.0.0.tgz}
    name: has-flag
    version: 4.0.0
    engines: {node: '>=8'}
    dev: true

  registry.npmjs.org/jest-diff@26.6.2:
    resolution: {integrity: sha512-6m+9Z3Gv9wN0WFVasqjCL/06+EFCMTqDEUl/b87HYK2rAPTyfz4ZIuSlPhY51PIQRWx5TaxeF1qmXKe9gfN3sA==, registry: https://node.bit.dev/, tarball: https://registry.npmjs.org/jest-diff/-/jest-diff-26.6.2.tgz}
    name: jest-diff
    version: 26.6.2
    engines: {node: '>= 10.14.2'}
    dependencies:
      chalk: registry.npmjs.org/chalk@4.1.2
      diff-sequences: registry.npmjs.org/diff-sequences@26.6.2
      jest-get-type: registry.npmjs.org/jest-get-type@26.3.0
      pretty-format: registry.npmjs.org/pretty-format@26.6.2
    dev: true

  registry.npmjs.org/jest-get-type@26.3.0:
    resolution: {integrity: sha512-TpfaviN1R2pQWkIihlfEanwOXK0zcxrKEE4MlU6Tn7keoXdN6/3gK/xl0yEh8DOunn5pOVGKf8hB4R9gVh04ig==, registry: https://node.bit.dev/, tarball: https://registry.npmjs.org/jest-get-type/-/jest-get-type-26.3.0.tgz}
    name: jest-get-type
    version: 26.3.0
    engines: {node: '>= 10.14.2'}
    dev: true

  registry.npmjs.org/js-tokens@4.0.0:
    resolution: {integrity: sha512-RdJUflcE3cUzKiMqQgsCu06FPu9UdIJO0beYbPhHN4k6apgJtifcoCtT9bcxOpYBtpD2kCM6Sbzg4CausW/PKQ==, registry: https://node.bit.dev/, tarball: https://registry.npmjs.org/js-tokens/-/js-tokens-4.0.0.tgz}
    name: js-tokens
    version: 4.0.0
    dev: false

  registry.npmjs.org/loose-envify@1.4.0:
    resolution: {integrity: sha512-lyuxPGr/Wfhrlem2CL/UcnUc1zcqKAImBDzukY7Y5F/yQiNdko6+fRLevlw1HgMySw7f611UIY408EtxRSoK3Q==, registry: https://node.bit.dev/, tarball: https://registry.npmjs.org/loose-envify/-/loose-envify-1.4.0.tgz}
    name: loose-envify
    version: 1.4.0
    hasBin: true
    dependencies:
      js-tokens: registry.npmjs.org/js-tokens@4.0.0
    dev: false

  registry.npmjs.org/object-assign@4.1.1:
    resolution: {integrity: sha512-rJgTQnkUnH1sFw8yT6VSU3zD3sWmu6sZhIseY8VX+GRu3P6F7Fu+JNDoXfklElbLJSnc3FUQHVe4cU5hj+BcUg==, registry: https://node.bit.dev/, tarball: https://registry.npmjs.org/object-assign/-/object-assign-4.1.1.tgz}
    name: object-assign
    version: 4.1.1
    engines: {node: '>=0.10.0'}
    dev: false

  registry.npmjs.org/pretty-format@26.6.2:
    resolution: {integrity: sha512-7AeGuCYNGmycyQbCqd/3PWH4eOoX/OiCa0uphp57NVTeAGdJGaAliecxwBDHYQCIvrW7aDBZCYeNTP/WX69mkg==, registry: https://node.bit.dev/, tarball: https://registry.npmjs.org/pretty-format/-/pretty-format-26.6.2.tgz}
    name: pretty-format
    version: 26.6.2
    engines: {node: '>= 10'}
    dependencies:
      '@jest/types': registry.npmjs.org/@jest/types@26.6.2
      ansi-regex: registry.npmjs.org/ansi-regex@5.0.1
      ansi-styles: registry.npmjs.org/ansi-styles@4.3.0
      react-is: registry.npmjs.org/react-is@17.0.2
    dev: true

  registry.npmjs.org/react-dom@17.0.2(react@17.0.2):
    resolution: {integrity: sha512-s4h96KtLDUQlsENhMn1ar8t2bEa+q/YAtj8pPPdIjPDGBDIVNsrD9aXNWqspUe6AzKCIG0C1HZZLqLV7qpOBGA==, registry: https://node.bit.dev/, tarball: https://registry.npmjs.org/react-dom/-/react-dom-17.0.2.tgz}
    id: registry.npmjs.org/react-dom/17.0.2
    name: react-dom
    version: 17.0.2
    peerDependencies:
      react: '*'
    peerDependenciesMeta:
      react:
        optional: true
    dependencies:
      loose-envify: registry.npmjs.org/loose-envify@1.4.0
      object-assign: registry.npmjs.org/object-assign@4.1.1
      react: registry.npmjs.org/react@17.0.2
      scheduler: registry.npmjs.org/scheduler@0.20.2
    dev: false

  registry.npmjs.org/react-is@17.0.2:
    resolution: {integrity: sha512-w2GsyukL62IJnlaff/nRegPQR94C/XXamvMWmSHRJ4y7Ts/4ocGRmTHvOs8PSE6pB3dWOrD/nueuU5sduBsQ4w==, registry: https://node.bit.dev/, tarball: https://registry.npmjs.org/react-is/-/react-is-17.0.2.tgz}
    name: react-is
    version: 17.0.2
    dev: true

  registry.npmjs.org/react@17.0.2:
    resolution: {integrity: sha512-gnhPt75i/dq/z3/6q/0asP78D0u592D5L1pd7M8P+dck6Fu/jJeL6iVVK23fptSUZj8Vjf++7wXA8UNclGQcbA==, registry: https://node.bit.dev/, tarball: https://registry.npmjs.org/react/-/react-17.0.2.tgz}
    name: react
    version: 17.0.2
    engines: {node: '>=0.10.0'}
    dependencies:
      loose-envify: registry.npmjs.org/loose-envify@1.4.0
      object-assign: registry.npmjs.org/object-assign@4.1.1
    dev: false

  registry.npmjs.org/regenerator-runtime@0.13.11:
    resolution: {integrity: sha512-kY1AZVr2Ra+t+piVaJ4gxaFaReZVH40AKNo7UCX6W+dEwBo/2oZJzqfuN1qLq1oL45o56cPaTXELwrTh8Fpggg==, registry: https://node.bit.dev/, tarball: https://registry.npmjs.org/regenerator-runtime/-/regenerator-runtime-0.13.11.tgz}
    name: regenerator-runtime
    version: 0.13.11
    dev: true

  registry.npmjs.org/scheduler@0.20.2:
    resolution: {integrity: sha512-2eWfGgAqqWFGqtdMmcL5zCMK1U8KlXv8SQFGglL3CEtd0aDVDWgeF/YoCmvln55m5zSk3J/20hTaSBeSObsQDQ==, registry: https://node.bit.dev/, tarball: https://registry.npmjs.org/scheduler/-/scheduler-0.20.2.tgz}
    name: scheduler
    version: 0.20.2
    dependencies:
      loose-envify: registry.npmjs.org/loose-envify@1.4.0
      object-assign: registry.npmjs.org/object-assign@4.1.1
    dev: false

  registry.npmjs.org/supports-color@7.2.0:
    resolution: {integrity: sha512-qpCAvRl9stuOHveKsn7HncJRvv501qIacKzQlO/+Lwxc9+0q2wLyv4Dfvt80/DPn2pqOBsJdDiogXGR9+OvwRw==, registry: https://node.bit.dev/, tarball: https://registry.npmjs.org/supports-color/-/supports-color-7.2.0.tgz}
    name: supports-color
    version: 7.2.0
    engines: {node: '>=8'}
    dependencies:
      has-flag: registry.npmjs.org/has-flag@4.0.0
    dev: true
